
Microsoft Visual Studio Solution File, Format Version 12.00
# Visual Studio Version 17
VisualStudioVersion = 17.13.35825.156 d17.13
MinimumVisualStudioVersion = 10.0.40219.1
Project("{FAE04EC0-301F-11D3-BF4B-00C04F79EFBC}") = "calculate scores", "calculate scores.csproj", "{5391E997-35C9-4C95-B49D-DBAC06E09CAE}"
EndProject
Global
	GlobalSection(SolutionConfigurationPlatforms) = preSolution
		Debug|Any CPU = Debug|Any CPU
		Release|Any CPU = Release|Any CPU
	EndGlobalSection
	GlobalSection(ProjectConfigurationPlatforms) = postSolution
		{5391E997-35C9-4C95-B49D-DBAC06E09CAE}.Debug|Any CPU.ActiveCfg = Debug|Any CPU
		{5391E997-35C9-4C95-B49D-DBAC06E09CAE}.Debug|Any CPU.Build.0 = Debug|Any CPU
		{5391E997-35C9-4C95-B49D-DBAC06E09CAE}.Release|Any CPU.ActiveCfg = Release|Any CPU
		{5391E997-35C9-4C95-B49D-DBAC06E09CAE}.Release|Any CPU.Build.0 = Release|Any CPU
	EndGlobalSection
	GlobalSection(SolutionProperties) = preSolution
		HideSolutionNode = FALSE
	EndGlobalSection
	GlobalSection(ExtensibilityGlobals) = postSolution
		SolutionGuid = {A16437F2-11F7-4019-A270-5D297A0707D2}
	EndGlobalSection
EndGlobal
